
Microsoft Visual Studio Solution File, Format Version 12.00
# Visual Studio Version 17
VisualStudioVersion = 17.3.32929.385
MinimumVisualStudioVersion = 10.0.40219.1
Project("{FAE04EC0-301F-11D3-BF4B-00C04F79EFBC}") = "Auto_Mouse_Cliker", "Auto_Mouse_Cliker\Auto_Mouse_Cliker.csproj", "{9651B641-9A33-448B-BADD-D84294D2C4E1}"
EndProject
Global
	GlobalSection(SolutionConfigurationPlatforms) = preSolution
		Debug|Any CPU = Debug|Any CPU
		Release|Any CPU = Release|Any CPU
	EndGlobalSection
	GlobalSection(ProjectConfigurationPlatforms) = postSolution
		{9651B641-9A33-448B-BADD-D84294D2C4E1}.Debug|Any CPU.ActiveCfg = Debug|Any CPU
		{9651B641-9A33-448B-BADD-D84294D2C4E1}.Debug|Any CPU.Build.0 = Debug|Any CPU
		{9651B641-9A33-448B-BADD-D84294D2C4E1}.Release|Any CPU.ActiveCfg = Release|Any CPU
		{9651B641-9A33-448B-BADD-D84294D2C4E1}.Release|Any CPU.Build.0 = Release|Any CPU
	EndGlobalSection
	GlobalSection(SolutionProperties) = preSolution
		HideSolutionNode = FALSE
	EndGlobalSection
	GlobalSection(ExtensibilityGlobals) = postSolution
		SolutionGuid = {72A9FFC7-87D0-4576-847B-94B60867820D}
	EndGlobalSection
EndGlobal
